
Microsoft Visual Studio Solution File, Format Version 12.00
# Visual Studio Version 16
VisualStudioVersion = 16.0.30128.74
MinimumVisualStudioVersion = 10.0.40219.1
Project("{FAE04EC0-301F-11D3-BF4B-00C04F79EFBC}") = "IcelandService", "IcelandService\IcelandService.csproj", "{8955A59E-DBC7-4165-9B3C-90BEC71BC29D}"
EndProject
Project("{FAE04EC0-301F-11D3-BF4B-00C04F79EFBC}") = "IcelandServiceTest", "NUnitTestProject1\IcelandServiceTest.csproj", "{20882115-4237-42E6-886F-537D0110F48E}"
EndProject
Project("{2150E333-8FDC-42A3-9474-1A3956D46DE8}") = "Solution Items", "Solution Items", "{F45C8195-A1F0-43E8-93F3-3E245F0BF5F7}"
	ProjectSection(SolutionItems) = preProject
		Readme.txt = Readme.txt
	EndProjectSection
EndProject
Global
	GlobalSection(SolutionConfigurationPlatforms) = preSolution
		Debug|Any CPU = Debug|Any CPU
		Release|Any CPU = Release|Any CPU
	EndGlobalSection
	GlobalSection(ProjectConfigurationPlatforms) = postSolution
		{8955A59E-DBC7-4165-9B3C-90BEC71BC29D}.Debug|Any CPU.ActiveCfg = Debug|Any CPU
		{8955A59E-DBC7-4165-9B3C-90BEC71BC29D}.Debug|Any CPU.Build.0 = Debug|Any CPU
		{8955A59E-DBC7-4165-9B3C-90BEC71BC29D}.Release|Any CPU.ActiveCfg = Release|Any CPU
		{8955A59E-DBC7-4165-9B3C-90BEC71BC29D}.Release|Any CPU.Build.0 = Release|Any CPU
		{20882115-4237-42E6-886F-537D0110F48E}.Debug|Any CPU.ActiveCfg = Debug|Any CPU
		{20882115-4237-42E6-886F-537D0110F48E}.Debug|Any CPU.Build.0 = Debug|Any CPU
		{20882115-4237-42E6-886F-537D0110F48E}.Release|Any CPU.ActiveCfg = Release|Any CPU
		{20882115-4237-42E6-886F-537D0110F48E}.Release|Any CPU.Build.0 = Release|Any CPU
	EndGlobalSection
	GlobalSection(SolutionProperties) = preSolution
		HideSolutionNode = FALSE
	EndGlobalSection
	GlobalSection(ExtensibilityGlobals) = postSolution
		SolutionGuid = {848F850F-BD0D-42D1-BF5A-620B37772F9E}
	EndGlobalSection
EndGlobal
